github.com/ebitengine/purego v0.10.0-alpha.4 h1:JzPbdf+cqbyT9sZtP4xnqelwUXwf7LvD8xKS6+ofTds=
github.com/ebitengine/purego v0.10.0-alpha.4/go.mod h1:iIjxzd6CiRiOG0UyXP+V1+jWqUXVjPKLAI0mRfJZTmQ=
github.com/jupiterrider/ffi v0.6.0 h1:UX378KcZvH5c8qgLi9KL/bL82SZTHdRspZ+jj7bvBng=
github.com/jupiterrider/ffi v0.6.0/go.mod h1:PqZ5Go6X9by8CIXgfprxfMPYmn8oT5m2O7AA56s64bY=
golang.org/x/sys v0.42.0 h1:omrd2nAlyT5ESRdCLYdm3+fMfNFE/+Rf4bDIQImRJeo=
golang.org/x/sys v0.42.0/go.mod h1:4GL1E5IUh+htKOUEOaiffhrAeqysfVGipDYzABqnCmw=
